
Microsoft Visual Studio Solution File, Format Version 11.00
# Visual Studio 2010
Project("{FAE04EC0-301F-11D3-BF4B-00C04F79EFBC}") = "GettingStartedWithKnockout", "GettingStartedWithKnockout\GettingStartedWithKnockout.csproj", "{66276C05-7BC2-4531-9205-1CE7D56B357D}"
EndProject
Global
	GlobalSection(SolutionConfigurationPlatforms) = preSolution
		Debug|Any CPU = Debug|Any CPU
		Release|Any CPU = Release|Any CPU
	EndGlobalSection
	GlobalSection(ProjectConfigurationPlatforms) = postSolution
		{66276C05-7BC2-4531-9205-1CE7D56B357D}.Debug|Any CPU.ActiveCfg = Debug|Any CPU
		{66276C05-7BC2-4531-9205-1CE7D56B357D}.Debug|Any CPU.Build.0 = Debug|Any CPU
		{66276C05-7BC2-4531-9205-1CE7D56B357D}.Release|Any CPU.ActiveCfg = Release|Any CPU
		{66276C05-7BC2-4531-9205-1CE7D56B357D}.Release|Any CPU.Build.0 = Release|Any CPU
	EndGlobalSection
	GlobalSection(SolutionProperties) = preSolution
		HideSolutionNode = FALSE
	EndGlobalSection
EndGlobal
